# THIS IS AN AUTOGENERATED FILE. DO NOT EDIT THIS FILE DIRECTLY.
# yarn lockfile v1


"@types/color-name@^1.1.1":
  version "1.1.1"
  resolved "https://registry.npm.taobao.org/@types/color-name/download/@types/color-name-1.1.1.tgz?cache=0&sync_timestamp=1588200011932&other_urls=https%3A%2F%2Fregistry.npm.taobao.org%2F%40types%2Fcolor-name%2Fdownload%2F%40types%2Fcolor-name-1.1.1.tgz#1c1261bbeaa10a8055bbc5d8ab84b7b2afc846a0"
  integrity sha1-HBJhu+qhCoBVu8XYq4S3sq/IRqA=

ansi-colors@^3.2.1:
  version "3.2.4"
  resolved "https://registry.npm.taobao.org/ansi-colors/download/ansi-colors-3.2.4.tgz#e3a3da4bfbae6c86a9c285625de124a234026fbf"
  integrity sha1-46PaS/uubIapwoViXeEkojQCb78=

ansi-regex@^5.0.0:
  version "5.0.0"
  resolved "https://registry.npm.taobao.org/ansi-regex/download/ansi-regex-5.0.0.tgz#388539f55179bf39339c81af30a654d69f87cb75"
  integrity sha1-OIU59VF5vzkznIGvMKZU1p+Hy3U=

ansi-styles@^4.0.0:
  version "4.2.1"
  resolved "https://registry.npm.taobao.org/ansi-styles/download/ansi-styles-4.2.1.tgz#90ae75c424d008d2624c5bf29ead3177ebfcf359"
  integrity sha1-kK51xCTQCNJiTFvynq0xd+v881k=
  dependencies:
    "@types/color-name" "^1.1.1"
    color-convert "^2.0.1"

asn1.js@^4.0.0:
  version "4.10.1"
  resolved "https://registry.npm.taobao.org/asn1.js/download/asn1.js-4.10.1.tgz#b9c2bf5805f1e64aadeed6df3a2bfafb5a73f5a0"
  integrity sha1-ucK/WAXx5kqt7tbfOiv6+1pz9aA=
  dependencies:
    bn.js "^4.0.0"
    inherits "^2.0.1"
    minimalistic-assert "^1.0.0"

bindings@^1.2.1, bindings@^1.5.0:
  version "1.5.0"
  resolved "https://registry.npm.taobao.org/bindings/download/bindings-1.5.0.tgz#10353c9e945334bc0511a6d90b38fbc7c9c504df"
  integrity sha1-EDU8npRTNLwFEabZCzj7x8nFBN8=
  dependencies:
    file-uri-to-path "1.0.0"

bip66@^1.1.3, bip66@^1.1.5:
  version "1.1.5"
  resolved "https://registry.npm.taobao.org/bip66/download/bip66-1.1.5.tgz#01fa8748785ca70955d5011217d1b3139969ca22"
  integrity sha1-AfqHSHhcpwlV1QESF9GzE5lpyiI=
  dependencies:
    safe-buffer "^5.0.1"

bluebird@^3.5.0:
  version "3.7.2"
  resolved "https://registry.npm.taobao.org/bluebird/download/bluebird-3.7.2.tgz#9f229c15be272454ffa973ace0dbee79a1b0c36f"
  integrity sha1-nyKcFb4nJFT/qXOs4NvueaGww28=

bn.js@^4.0.0, bn.js@^4.1.0, bn.js@^4.1.1, bn.js@^4.11.0, bn.js@^4.11.1, bn.js@^4.11.3, bn.js@^4.11.8, bn.js@^4.4.0:
  version "4.11.8"
  resolved "https://registry.npm.taobao.org/bn.js/download/bn.js-4.11.8.tgz#2cde09eb5ee341f484746bb0309b3253b1b1442f"
  integrity sha1-LN4J617jQfSEdGuwMJsyU7GxRC8=

brorand@^1.0.1:
  version "1.1.0"
  resolved "https://registry.npm.taobao.org/brorand/download/brorand-1.1.0.tgz#12c25efe40a45e3c323eb8675a0a0ce57b22371f"
  integrity sha1-EsJe/kCkXjwyPrhnWgoM5XsiNx8=

browserify-aes@^1.0.0, browserify-aes@^1.0.4, browserify-aes@^1.0.6:
  version "1.2.0"
  resolved "https://registry.npm.taobao.org/browserify-aes/download/browserify-aes-1.2.0.tgz#326734642f403dabc3003209853bb70ad428ef48"
  integrity sha1-Mmc0ZC9APavDADIJhTu3CtQo70g=
  dependencies:
    buffer-xor "^1.0.3"
    cipher-base "^1.0.0"
    create-hash "^1.1.0"
    evp_bytestokey "^1.0.3"
    inherits "^2.0.1"
    safe-buffer "^5.0.1"

browserify-cipher@^1.0.0:
  version "1.0.1"
  resolved "https://registry.npm.taobao.org/browserify-cipher/download/browserify-cipher-1.0.1.tgz#8d6474c1b870bfdabcd3bcfcc1934a10e94f15f0"
  integrity sha1-jWR0wbhwv9q807z8wZNKEOlPFfA=
  dependencies:
    browserify-aes "^1.0.4"
    browserify-des "^1.0.0"
    evp_bytestokey "^1.0.0"

browserify-des@^1.0.0:
  version "1.0.2"
  resolved "https://registry.npm.taobao.org/browserify-des/download/browserify-des-1.0.2.tgz#3af4f1f59839403572f1c66204375f7a7f703e9c"
  integrity sha1-OvTx9Zg5QDVy8cZiBDdfen9wPpw=
  dependencies:
    cipher-base "^1.0.1"
    des.js "^1.0.0"
    inherits "^2.0.1"
    safe-buffer "^5.1.2"

browserify-rsa@^4.0.0:
  version "4.0.1"
  resolved "https://registry.npm.taobao.org/browserify-rsa/download/browserify-rsa-4.0.1.tgz#21e0abfaf6f2029cf2fafb133567a701d4135524"
  integrity sha1-IeCr+vbyApzy+vsTNWenAdQTVSQ=
  dependencies:
    bn.js "^4.1.0"
    randombytes "^2.0.1"

browserify-sign@^4.0.0:
  version "4.0.4"
  resolved "https://registry.npm.taobao.org/browserify-sign/download/browserify-sign-4.0.4.tgz#aa4eb68e5d7b658baa6bf6a57e630cbd7a93d298"
  integrity sha1-qk62jl17ZYuqa/alfmMMvXqT0pg=
  dependencies:
    bn.js "^4.1.1"
    browserify-rsa "^4.0.0"
    create-hash "^1.1.0"
    create-hmac "^1.1.2"
    elliptic "^6.0.0"
    inherits "^2.0.1"
    parse-asn1 "^5.0.0"

buffer-xor@^1.0.3:
  version "1.0.3"
  resolved "https://registry.npm.taobao.org/buffer-xor/download/buffer-xor-1.0.3.tgz#26e61ed1422fb70dd42e6e36729ed51d855fe8d9"
  integrity sha1-JuYe0UIvtw3ULm42cp7VHYVf6Nk=

camelcase@^5.0.0:
  version "5.3.1"
  resolved "https://registry.npm.taobao.org/camelcase/download/camelcase-5.3.1.tgz#e3c9b31569e106811df242f715725a1f4c494320"
  integrity sha1-48mzFWnhBoEd8kL3FXJaH0xJQyA=

charenc@~0.0.1:
  version "0.0.2"
  resolved "https://registry.npm.taobao.org/charenc/download/charenc-0.0.2.tgz#c0a1d2f3a7092e03774bfa83f14c0fc5790a8667"
  integrity sha1-wKHS86cJLgN3S/qD8UwPxXkKhmc=

cipher-base@^1.0.0, cipher-base@^1.0.1, cipher-base@^1.0.3:
  version "1.0.4"
  resolved "https://registry.npm.taobao.org/cipher-base/download/cipher-base-1.0.4.tgz#8760e4ecc272f4c363532f926d874aae2c1397de"
  integrity sha1-h2Dk7MJy9MNjUy+SbYdKriwTl94=
  dependencies:
    inherits "^2.0.1"
    safe-buffer "^5.0.1"

cliui@^6.0.0:
  version "6.0.0"
  resolved "https://registry.npm.taobao.org/cliui/download/cliui-6.0.0.tgz?cache=0&sync_timestamp=1573943292170&other_urls=https%3A%2F%2Fregistry.npm.taobao.org%2Fcliui%2Fdownload%2Fcliui-6.0.0.tgz#511d702c0c4e41ca156d7d0e96021f23e13225b1"
  integrity sha1-UR1wLAxOQcoVbX0OlgIfI+EyJbE=
  dependencies:
    string-width "^4.2.0"
    strip-ansi "^6.0.0"
    wrap-ansi "^6.2.0"

color-convert@^2.0.1:
  version "2.0.1"
  resolved "https://registry.npm.taobao.org/color-convert/download/color-convert-2.0.1.tgz#72d3a68d598c9bdb3af2ad1e84f21d896abd4de3"
  integrity sha1-ctOmjVmMm9s68q0ehPIdiWq9TeM=
  dependencies:
    color-name "~1.1.4"

color-name@~1.1.4:
  version "1.1.4"
  resolved "https://registry.npm.taobao.org/color-name/download/color-name-1.1.4.tgz#c2a09a87acbde69543de6f63fa3995c826c536a2"
  integrity sha1-wqCah6y95pVD3m9j+jmVyCbFNqI=

create-ecdh@^4.0.0:
  version "4.0.3"
  resolved "https://registry.npm.taobao.org/create-ecdh/download/create-ecdh-4.0.3.tgz#c9111b6f33045c4697f144787f9254cdc77c45ff"
  integrity sha1-yREbbzMEXEaX8UR4f5JUzcd8Rf8=
  dependencies:
    bn.js "^4.1.0"
    elliptic "^6.0.0"

create-hash@^1.1.0, create-hash@^1.1.2, create-hash@^1.2.0:
  version "1.2.0"
  resolved "https://registry.npm.taobao.org/create-hash/download/create-hash-1.2.0.tgz#889078af11a63756bcfb59bd221996be3a9ef196"
  integrity sha1-iJB4rxGmN1a8+1m9IhmWvjqe8ZY=
  dependencies:
    cipher-base "^1.0.1"
    inherits "^2.0.1"
    md5.js "^1.3.4"
    ripemd160 "^2.0.1"
    sha.js "^2.4.0"

create-hmac@^1.1.0, create-hmac@^1.1.2, create-hmac@^1.1.4:
  version "1.1.7"
  resolved "https://registry.npm.taobao.org/create-hmac/download/create-hmac-1.1.7.tgz#69170c78b3ab957147b2b8b04572e47ead2243ff"
  integrity sha1-aRcMeLOrlXFHsriwRXLkfq0iQ/8=
  dependencies:
    cipher-base "^1.0.3"
    create-hash "^1.1.0"
    inherits "^2.0.1"
    ripemd160 "^2.0.0"
    safe-buffer "^5.0.1"
    sha.js "^2.4.8"

crypt@~0.0.1:
  version "0.0.2"
  resolved "https://registry.npm.taobao.org/crypt/download/crypt-0.0.2.tgz#88d7ff7ec0dfb86f713dc87bbb42d044d3e6c41b"
  integrity sha1-iNf/fsDfuG9xPch7u0LQRNPmxBs=

crypto-browserify@3.12.0:
  version "3.12.0"
  resolved "https://registry.npm.taobao.org/crypto-browserify/download/crypto-browserify-3.12.0.tgz#396cf9f3137f03e4b8e532c58f698254e00f80ec"
  integrity sha1-OWz58xN/A+S45TLFj2mCVOAPgOw=
  dependencies:
    browserify-cipher "^1.0.0"
    browserify-sign "^4.0.0"
    create-ecdh "^4.0.0"
    create-hash "^1.1.0"
    create-hmac "^1.1.0"
    diffie-hellman "^5.0.0"
    inherits "^2.0.1"
    pbkdf2 "^3.0.3"
    public-encrypt "^4.0.0"
    randombytes "^2.0.0"
    randomfill "^1.0.3"

crypto-js@^3.1.9-1:
  version "3.1.9-1"
  resolved "https://registry.npm.taobao.org/crypto-js/download/crypto-js-3.1.9-1.tgz#fda19e761fc077e01ffbfdc6e9fdfc59e8806cd8"
  integrity sha1-/aGedh/Ad+Af+/3G6f38WeiAbNg=

crypto-random-string@^3.0.1:
  version "3.0.1"
  resolved "https://registry.npm.taobao.org/crypto-random-string/download/crypto-random-string-3.0.1.tgz#29d7dc759d577a768afb3b7b2765dd9bd7ffe36a"
  integrity sha1-KdfcdZ1XenaK+zt7J2Xdm9f/42o=
  dependencies:
    type-fest "^0.5.2"

decamelize@^1.2.0:
  version "1.2.0"
  resolved "https://registry.npm.taobao.org/decamelize/download/decamelize-1.2.0.tgz#f6534d15148269b20352e7bee26f501f9a191290"
  integrity sha1-9lNNFRSCabIDUue+4m9QH5oZEpA=

des.js@^1.0.0:
  version "1.0.1"
  resolved "https://registry.npm.taobao.org/des.js/download/des.js-1.0.1.tgz#5382142e1bdc53f85d86d53e5f4aa7deb91e0843"
  integrity sha1-U4IULhvcU/hdhtU+X0qn3rkeCEM=
  dependencies:
    inherits "^2.0.1"
    minimalistic-assert "^1.0.0"

diffie-hellman@^5.0.0:
  version "5.0.3"
  resolved "https://registry.npm.taobao.org/diffie-hellman/download/diffie-hellman-5.0.3.tgz#40e8ee98f55a2149607146921c63e1ae5f3d2875"
  integrity sha1-QOjumPVaIUlgcUaSHGPhrl89KHU=
  dependencies:
    bn.js "^4.1.0"
    miller-rabin "^4.0.0"
    randombytes "^2.0.0"

drbg.js@^1.0.1:
  version "1.0.1"
  resolved "https://registry.npm.taobao.org/drbg.js/download/drbg.js-1.0.1.tgz#3e36b6c42b37043823cdbc332d58f31e2445480b"
  integrity sha1-Pja2xCs3BDgjzbwzLVjzHiRFSAs=
  dependencies:
    browserify-aes "^1.0.6"
    create-hash "^1.1.2"
    create-hmac "^1.1.4"

elliptic@^6.0.0, elliptic@^6.2.3, elliptic@^6.5.2:
  version "6.5.2"
  resolved "https://registry.npm.taobao.org/elliptic/download/elliptic-6.5.2.tgz#05c5678d7173c049d8ca433552224a495d0e3762"
  integrity sha1-BcVnjXFzwEnYykM1UiJKSV0ON2I=
  dependencies:
    bn.js "^4.4.0"
    brorand "^1.0.1"
    hash.js "^1.0.0"
    hmac-drbg "^1.0.0"
    inherits "^2.0.1"
    minimalistic-assert "^1.0.0"
    minimalistic-crypto-utils "^1.0.0"

emoji-regex@^8.0.0:
  version "8.0.0"
  resolved "https://registry.npm.taobao.org/emoji-regex/download/emoji-regex-8.0.0.tgz#e818fd69ce5ccfcb404594f842963bf53164cc37"
  integrity sha1-6Bj9ac5cz8tARZT4QpY79TFkzDc=

enquirer@^2.3.2:
  version "2.3.2"
  resolved "https://registry.npm.taobao.org/enquirer/download/enquirer-2.3.2.tgz#1c30284907cadff5ed2404bd8396036dd3da070e"
  integrity sha1-HDAoSQfK3/XtJAS9g5YDbdPaBw4=
  dependencies:
    ansi-colors "^3.2.1"

ethereumjs-util@^5.1.3:
  version "5.2.0"
  resolved "https://registry.npm.taobao.org/ethereumjs-util/download/ethereumjs-util-5.2.0.tgz#3e0c0d1741471acf1036052d048623dee54ad642"
  integrity sha1-PgwNF0FHGs8QNgUtBIYj3uVK1kI=
  dependencies:
    bn.js "^4.11.0"
    create-hash "^1.1.2"
    ethjs-util "^0.1.3"
    keccak "^1.0.2"
    rlp "^2.0.0"
    safe-buffer "^5.1.1"
    secp256k1 "^3.0.1"

ethjs-util@^0.1.3:
  version "0.1.6"
  resolved "https://registry.npm.taobao.org/ethjs-util/download/ethjs-util-0.1.6.tgz#f308b62f185f9fe6237132fb2a9818866a5cd536"
  integrity sha1-8wi2Lxhfn+YjcTL7KpgYhmpc1TY=
  dependencies:
    is-hex-prefixed "1.0.0"
    strip-hex-prefix "1.0.0"

evp_bytestokey@^1.0.0, evp_bytestokey@^1.0.3:
  version "1.0.3"
  resolved "https://registry.npm.taobao.org/evp_bytestokey/download/evp_bytestokey-1.0.3.tgz#7fcbdb198dc71959432efe13842684e0525acb02"
  integrity sha1-f8vbGY3HGVlDLv4ThCaE4FJaywI=
  dependencies:
    md5.js "^1.3.4"
    safe-buffer "^5.1.1"

file-uri-to-path@1.0.0:
  version "1.0.0"
  resolved "https://registry.npm.taobao.org/file-uri-to-path/download/file-uri-to-path-1.0.0.tgz#553a7b8446ff6f684359c445f1e37a05dacc33dd"
  integrity sha1-VTp7hEb/b2hDWcRF8eN6BdrMM90=

find-up@^4.1.0:
  version "4.1.0"
  resolved "https://registry.npm.taobao.org/find-up/download/find-up-4.1.0.tgz#97afe7d6cdc0bc5928584b7c8d7b16e8a9aa5d19"
  integrity sha1-l6/n1s3AvFkoWEt8jXsW6KmqXRk=
  dependencies:
    locate-path "^5.0.0"
    path-exists "^4.0.0"

get-caller-file@^2.0.1:
  version "2.0.5"
  resolved "https://registry.npm.taobao.org/get-caller-file/download/get-caller-file-2.0.5.tgz#4f94412a82db32f36e3b0b9741f8a97feb031f7e"
  integrity sha1-T5RBKoLbMvNuOwuXQfipf+sDH34=

hash-base@^3.0.0:
  version "3.0.4"
  resolved "https://registry.npm.taobao.org/hash-base/download/hash-base-3.0.4.tgz#5fc8686847ecd73499403319a6b0a3f3f6ae4918"
  integrity sha1-X8hoaEfs1zSZQDMZprCj8/auSRg=
  dependencies:
    inherits "^2.0.1"
    safe-buffer "^5.0.1"

hash.js@^1.0.0, hash.js@^1.0.3:
  version "1.1.7"
  resolved "https://registry.npm.taobao.org/hash.js/download/hash.js-1.1.7.tgz#0babca538e8d4ee4a0f8988d68866537a003cf42"
  integrity sha1-C6vKU46NTuSg+JiNaIZlN6ADz0I=
  dependencies:
    inherits "^2.0.3"
    minimalistic-assert "^1.0.1"

hmac-drbg@^1.0.0:
  version "1.0.1"
  resolved "https://registry.npm.taobao.org/hmac-drbg/download/hmac-drbg-1.0.1.tgz#d2745701025a6c775a6c545793ed502fc0c649a1"
  integrity sha1-0nRXAQJabHdabFRXk+1QL8DGSaE=
  dependencies:
    hash.js "^1.0.3"
    minimalistic-assert "^1.0.0"
    minimalistic-crypto-utils "^1.0.1"

hoek@6.x.x:
  version "6.1.3"
  resolved "https://registry.npm.taobao.org/hoek/download/hoek-6.1.3.tgz#73b7d33952e01fe27a38b0457294b79dd8da242c"
  integrity sha1-c7fTOVLgH+J6OLBFcpS3ndjaJCw=

http-status@^1.4.2:
  version "1.4.2"
  resolved "https://registry.npm.taobao.org/http-status/download/http-status-1.4.2.tgz#75406e829dca9bfdf92972c579b47cd6a58ab6c8"
  integrity sha1-dUBugp3Km/35KXLFebR81qWKtsg=

inherits@^2.0.1, inherits@^2.0.3:
  version "2.0.4"
  resolved "https://registry.npm.taobao.org/inherits/download/inherits-2.0.4.tgz#0fa2c64f932917c3433a0ded55363aae37416b7c"
  integrity sha1-D6LGT5MpF8NDOg3tVTY6rjdBa3w=

ip@^1.1.5:
  version "1.1.5"
  resolved "https://registry.npm.taobao.org/ip/download/ip-1.1.5.tgz#bdded70114290828c0a039e72ef25f5aaec4354a"
  integrity sha1-vd7XARQpCCjAoDnnLvJfWq7ENUo=

is-buffer@~1.1.1:
  version "1.1.6"
  resolved "https://registry.npm.taobao.org/is-buffer/download/is-buffer-1.1.6.tgz#efaa2ea9daa0d7ab2ea13a97b2b8ad51fefbe8be"
  integrity sha1-76ouqdqg16suoTqXsritUf776L4=

is-fullwidth-code-point@^3.0.0:
  version "3.0.0"
  resolved "https://registry.npm.taobao.org/is-fullwidth-code-point/download/is-fullwidth-code-point-3.0.0.tgz#f116f8064fe90b3f7844a38997c0b75051269f1d"
  integrity sha1-8Rb4Bk/pCz94RKOJl8C3UFEmnx0=

is-hex-prefixed@1.0.0:
  version "1.0.0"
  resolved "https://registry.npm.taobao.org/is-hex-prefixed/download/is-hex-prefixed-1.0.0.tgz#7d8d37e6ad77e5d127148913c573e082d777f554"
  integrity sha1-fY035q135dEnFIkTxXPggtd39VQ=

isemail@3.x.x:
  version "3.2.0"
  resolved "https://registry.npm.taobao.org/isemail/download/isemail-3.2.0.tgz#59310a021931a9fb06bbb51e155ce0b3f236832c"
  integrity sha1-WTEKAhkxqfsGu7UeFVzgs/I2gyw=
  dependencies:
    punycode "2.x.x"

joi@^14.3.1:
  version "14.3.1"
  resolved "https://registry.npm.taobao.org/joi/download/joi-14.3.1.tgz#164a262ec0b855466e0c35eea2a885ae8b6c703c"
  integrity sha1-FkomLsC4VUZuDDXuoqiFrotscDw=
  dependencies:
    hoek "6.x.x"
    isemail "3.x.x"
    topo "3.x.x"

js-sha3@^0.7.0:
  version "0.7.0"
  resolved "https://registry.npm.taobao.org/js-sha3/download/js-sha3-0.7.0.tgz#0a5c57b36f79882573b2d84051f8bb85dd1bd63a"
  integrity sha1-ClxXs295iCVzsthAUfi7hd0b1jo=

keccak@1.4.0, keccak@^1.0.2:
  version "1.4.0"
  resolved "https://registry.npm.taobao.org/keccak/download/keccak-1.4.0.tgz#572f8a6dbee8e7b3aa421550f9e6408ca2186f80"
  integrity sha1-Vy+Kbb7o57OqQhVQ+eZAjKIYb4A=
  dependencies:
    bindings "^1.2.1"
    inherits "^2.0.3"
    nan "^2.2.1"
    safe-buffer "^5.1.0"

keythereum@^1.0.2:
  version "1.0.4"
  resolved "https://registry.npm.taobao.org/keythereum/download/keythereum-1.0.4.tgz#e3ac3e41569efab8e5129a12286c6a60dc02ee39"
  integrity sha1-46w+QVae+rjlEpoSKGxqYNwC7jk=
  dependencies:
    crypto-browserify "3.12.0"
    keccak "1.4.0"
    scrypt "6.0.3"
    secp256k1 "3.5.0"
    sjcl "1.0.6"
    uuid "3.0.0"

locate-path@^5.0.0:
  version "5.0.0"
  resolved "https://registry.npm.taobao.org/locate-path/download/locate-path-5.0.0.tgz#1afba396afd676a6d42504d0a67a3a7eb9f62aa0"
  integrity sha1-Gvujlq/WdqbUJQTQpno6frn2KqA=
  dependencies:
    p-locate "^4.1.0"

lodash@^4.17.15:
  version "4.17.19"
  resolved "https://registry.yarnpkg.com/lodash/-/lodash-4.17.19.tgz#e48ddedbe30b3321783c5b4301fbd353bc1e4a4b"
  integrity sha512-JNvd8XER9GQX0v2qJgsaN/mzFCNA5BRe/j8JN9d+tWyGLSodKQHKFicdwNYzWwI3wjRnaKPsGj1XkBjx/F96DQ==

md5.js@^1.3.4:
  version "1.3.5"
  resolved "https://registry.npm.taobao.org/md5.js/download/md5.js-1.3.5.tgz#b5d07b8e3216e3e27cd728d72f70d1e6a342005f"
  integrity sha1-tdB7jjIW4+J81yjXL3DR5qNCAF8=
  dependencies:
    hash-base "^3.0.0"
    inherits "^2.0.1"
    safe-buffer "^5.1.2"

md5@^2.2.1:
  version "2.2.1"
  resolved "https://registry.npm.taobao.org/md5/download/md5-2.2.1.tgz#53ab38d5fe3c8891ba465329ea23fac0540126f9"
  integrity sha1-U6s41f48iJG6RlMp6iP6wFQBJvk=
  dependencies:
    charenc "~0.0.1"
    crypt "~0.0.1"
    is-buffer "~1.1.1"

miller-rabin@^4.0.0:
  version "4.0.1"
  resolved "https://registry.npm.taobao.org/miller-rabin/download/miller-rabin-4.0.1.tgz#f080351c865b0dc562a8462966daa53543c78a4d"
  integrity sha1-8IA1HIZbDcViqEYpZtqlNUPHik0=
  dependencies:
    bn.js "^4.0.0"
    brorand "^1.0.1"

minimalistic-assert@^1.0.0, minimalistic-assert@^1.0.1:
  version "1.0.1"
  resolved "https://registry.npm.taobao.org/minimalistic-assert/download/minimalistic-assert-1.0.1.tgz#2e194de044626d4a10e7f7fbc00ce73e83e4d5c7"
  integrity sha1-LhlN4ERibUoQ5/f7wAznPoPk1cc=

minimalistic-crypto-utils@^1.0.0, minimalistic-crypto-utils@^1.0.1:
  version "1.0.1"
  resolved "https://registry.npm.taobao.org/minimalistic-crypto-utils/download/minimalistic-crypto-utils-1.0.1.tgz#f6c00c1c0b082246e5c4d99dfb8c7c083b2b582a"
  integrity sha1-9sAMHAsIIkblxNmd+4x8CDsrWCo=

nan@^2.0.8, nan@^2.14.0, nan@^2.2.1:
  version "2.14.0"
  resolved "https://registry.npm.taobao.org/nan/download/nan-2.14.0.tgz#7818f722027b2459a86f0295d434d1fc2336c52c"
  integrity sha1-eBj3IgJ7JFmobwKV1DTR/CM2xSw=

node-bin-setup@^1.0.0:
  version "1.0.6"
  resolved "https://registry.npm.taobao.org/node-bin-setup/download/node-bin-setup-1.0.6.tgz#4b5c9bb937ece702d7069b36ca78af4684677528"
  integrity sha1-S1ybuTfs5wLXBps2ynivRoRndSg=

node@^10.17.0:
  version "10.18.1"
  resolved "https://registry.npm.taobao.org/node/download/node-10.18.1.tgz#f3228f223df9feb13e9b14a04130ace74db3877b"
  integrity sha1-8yKPIj35/rE+mxSgQTCs502zh3s=
  dependencies:
    node-bin-setup "^1.0.0"

p-limit@^2.2.0:
  version "2.3.0"
  resolved "https://registry.npm.taobao.org/p-limit/download/p-limit-2.3.0.tgz#3dd33c647a214fdfffd835933eb086da0dc21db1"
  integrity sha1-PdM8ZHohT9//2DWTPrCG2g3CHbE=
  dependencies:
    p-try "^2.0.0"

p-locate@^4.1.0:
  version "4.1.0"
  resolved "https://registry.npm.taobao.org/p-locate/download/p-locate-4.1.0.tgz#a3428bb7088b3a60292f66919278b7c297ad4f07"
  integrity sha1-o0KLtwiLOmApL2aRkni3wpetTwc=
  dependencies:
    p-limit "^2.2.0"

p-try@^2.0.0:
  version "2.2.0"
  resolved "https://registry.npm.taobao.org/p-try/download/p-try-2.2.0.tgz#cb2868540e313d61de58fafbe35ce9004d5540e6"
  integrity sha1-yyhoVA4xPWHeWPr741zpAE1VQOY=

parse-asn1@^5.0.0:
  version "5.1.5"
  resolved "https://registry.npm.taobao.org/parse-asn1/download/parse-asn1-5.1.5.tgz#003271343da58dc94cace494faef3d2147ecea0e"
  integrity sha1-ADJxND2ljclMrOSU+u89IUfs6g4=
  dependencies:
    asn1.js "^4.0.0"
    browserify-aes "^1.0.0"
    create-hash "^1.1.0"
    evp_bytestokey "^1.0.0"
    pbkdf2 "^3.0.3"
    safe-buffer "^5.1.1"

path-exists@^4.0.0:
  version "4.0.0"
  resolved "https://registry.npm.taobao.org/path-exists/download/path-exists-4.0.0.tgz#513bdbe2d3b95d7762e8c1137efa195c6c61b5b3"
  integrity sha1-UTvb4tO5XXdi6METfvoZXGxhtbM=

pbkdf2@^3.0.3:
  version "3.0.17"
  resolved "https://registry.npm.taobao.org/pbkdf2/download/pbkdf2-3.0.17.tgz#976c206530617b14ebb32114239f7b09336e93a6"
  integrity sha1-l2wgZTBhexTrsyEUI597CTNuk6Y=
  dependencies:
    create-hash "^1.1.2"
    create-hmac "^1.1.4"
    ripemd160 "^2.0.1"
    safe-buffer "^5.0.1"
    sha.js "^2.4.8"

prs-utility@^0.0.6:
  version "0.0.6"
  resolved "https://registry.npm.taobao.org/prs-utility/download/prs-utility-0.0.6.tgz#0d54173c432867d9d79788b05c17c6162aef4c48"
  integrity sha1-DVQXPEMoZ9nXl4iwXBfGFirvTEg=
  dependencies:
    crypto-js "^3.1.9-1"
    ethereumjs-util "^5.1.3"
    js-sha3 "^0.7.0"
    keythereum "^1.0.2"
    md5 "^2.2.1"
    node "^10.17.0"
    qs "^6.6.0"
    secp256k1 "^3.5.0"

psl@^1.1.28:
  version "1.7.0"
  resolved "https://registry.npm.taobao.org/psl/download/psl-1.7.0.tgz?cache=0&sync_timestamp=1577538558975&other_urls=https%3A%2F%2Fregistry.npm.taobao.org%2Fpsl%2Fdownload%2Fpsl-1.7.0.tgz#f1c4c47a8ef97167dea5d6bbf4816d736e884a3c"
  integrity sha1-8cTEeo75cWfepda79IFtc26ISjw=

public-encrypt@^4.0.0:
  version "4.0.3"
  resolved "https://registry.npm.taobao.org/public-encrypt/download/public-encrypt-4.0.3.tgz#4fcc9d77a07e48ba7527e7cbe0de33d0701331e0"
  integrity sha1-T8ydd6B+SLp1J+fL4N4z0HATMeA=
  dependencies:
    bn.js "^4.1.0"
    browserify-rsa "^4.0.0"
    create-hash "^1.1.0"
    parse-asn1 "^5.0.0"
    randombytes "^2.0.1"
    safe-buffer "^5.1.2"

punycode@2.x.x, punycode@^2.1.1:
  version "2.1.1"
  resolved "https://registry.npm.taobao.org/punycode/download/punycode-2.1.1.tgz#b58b010ac40c22c5657616c8d2c2c02c7bf479ec"
  integrity sha1-tYsBCsQMIsVldhbI0sLALHv0eew=

qs@^6.6.0:
  version "6.9.1"
  resolved "https://registry.npm.taobao.org/qs/download/qs-6.9.1.tgz?cache=0&other_urls=https%3A%2F%2Fregistry.npm.taobao.org%2Fqs%2Fdownload%2Fqs-6.9.1.tgz#20082c65cb78223635ab1a9eaca8875a29bf8ec9"
  integrity sha1-IAgsZct4IjY1qxqerKiHWim/jsk=

randombytes@^2.0.0, randombytes@^2.0.1, randombytes@^2.0.5:
  version "2.1.0"
  resolved "https://registry.npm.taobao.org/randombytes/download/randombytes-2.1.0.tgz#df6f84372f0270dc65cdf6291349ab7a473d4f2a"
  integrity sha1-32+ENy8CcNxlzfYpE0mrekc9Tyo=
  dependencies:
    safe-buffer "^5.1.0"

randomfill@^1.0.3:
  version "1.0.4"
  resolved "https://registry.npm.taobao.org/randomfill/download/randomfill-1.0.4.tgz#c92196fc86ab42be983f1bf31778224931d61458"
  integrity sha1-ySGW/IarQr6YPxvzF3giSTHWFFg=
  dependencies:
    randombytes "^2.0.5"
    safe-buffer "^5.1.0"

request-promise-core@1.1.3:
  version "1.1.3"
  resolved "https://registry.npm.taobao.org/request-promise-core/download/request-promise-core-1.1.3.tgz#e9a3c081b51380dfea677336061fea879a829ee9"
  integrity sha1-6aPAgbUTgN/qZ3M2Bh/qh5qCnuk=
  dependencies:
    lodash "^4.17.15"

request-promise@^4.2.5:
  version "4.2.5"
  resolved "https://registry.npm.taobao.org/request-promise/download/request-promise-4.2.5.tgz?cache=0&sync_timestamp=1572828627911&other_urls=https%3A%2F%2Fregistry.npm.taobao.org%2Frequest-promise%2Fdownload%2Frequest-promise-4.2.5.tgz#186222c59ae512f3497dfe4d75a9c8461bd0053c"
  integrity sha1-GGIixZrlEvNJff5NdanIRhvQBTw=
  dependencies:
    bluebird "^3.5.0"
    request-promise-core "1.1.3"
    stealthy-require "^1.1.1"
    tough-cookie "^2.3.3"

require-directory@^2.1.1:
  version "2.1.1"
  resolved "https://registry.npm.taobao.org/require-directory/download/require-directory-2.1.1.tgz#8c64ad5fd30dab1c976e2344ffe7f792a6a6df42"
  integrity sha1-jGStX9MNqxyXbiNE/+f3kqam30I=

require-main-filename@^2.0.0:
  version "2.0.0"
  resolved "https://registry.npm.taobao.org/require-main-filename/download/require-main-filename-2.0.0.tgz#d0b329ecc7cc0f61649f62215be69af54aa8989b"
  integrity sha1-0LMp7MfMD2Fkn2IhW+aa9UqomJs=

ripemd160@^2.0.0, ripemd160@^2.0.1:
  version "2.0.2"
  resolved "https://registry.npm.taobao.org/ripemd160/download/ripemd160-2.0.2.tgz#a1c1a6f624751577ba5d07914cbc92850585890c"
  integrity sha1-ocGm9iR1FXe6XQeRTLyShQWFiQw=
  dependencies:
    hash-base "^3.0.0"
    inherits "^2.0.1"

rlp@^2.0.0:
  version "2.2.4"
  resolved "https://registry.npm.taobao.org/rlp/download/rlp-2.2.4.tgz#d6b0e1659e9285fc509a5d169a9bd06f704951c1"
  integrity sha1-1rDhZZ6ShfxQml0WmpvQb3BJUcE=
  dependencies:
    bn.js "^4.11.1"

safe-buffer@^5.0.1, safe-buffer@^5.1.0, safe-buffer@^5.1.1, safe-buffer@^5.1.2:
  version "5.2.0"
  resolved "https://registry.npm.taobao.org/safe-buffer/download/safe-buffer-5.2.0.tgz#b74daec49b1148f88c64b68d49b1e815c1f2f519"
  integrity sha1-t02uxJsRSPiMZLaNSbHoFcHy9Rk=

scrypt@6.0.3:
  version "6.0.3"
  resolved "https://registry.npm.taobao.org/scrypt/download/scrypt-6.0.3.tgz#04e014a5682b53fa50c2d5cce167d719c06d870d"
  integrity sha1-BOAUpWgrU/pQwtXM4WfXGcBthw0=
  dependencies:
    nan "^2.0.8"

secp256k1@3.5.0:
  version "3.5.0"
  resolved "https://registry.npm.taobao.org/secp256k1/download/secp256k1-3.5.0.tgz#677d3b8a8e04e1a5fa381a1ae437c54207b738d0"
  integrity sha1-Z307io4E4aX6OBoa5DfFQge3ONA=
  dependencies:
    bindings "^1.2.1"
    bip66 "^1.1.3"
    bn.js "^4.11.3"
    create-hash "^1.1.2"
    drbg.js "^1.0.1"
    elliptic "^6.2.3"
    nan "^2.2.1"
    safe-buffer "^5.1.0"

secp256k1@^3.0.1, secp256k1@^3.5.0:
  version "3.8.0"
  resolved "https://registry.npm.taobao.org/secp256k1/download/secp256k1-3.8.0.tgz#28f59f4b01dbee9575f56a47034b7d2e3b3b352d"
  integrity sha1-KPWfSwHb7pV19WpHA0t9Ljs7NS0=
  dependencies:
    bindings "^1.5.0"
    bip66 "^1.1.5"
    bn.js "^4.11.8"
    create-hash "^1.2.0"
    drbg.js "^1.0.1"
    elliptic "^6.5.2"
    nan "^2.14.0"
    safe-buffer "^5.1.2"

set-blocking@^2.0.0:
  version "2.0.0"
  resolved "https://registry.npm.taobao.org/set-blocking/download/set-blocking-2.0.0.tgz#045f9782d011ae9a6803ddd382b24392b3d890f7"
  integrity sha1-BF+XgtARrppoA93TgrJDkrPYkPc=

sha.js@^2.4.0, sha.js@^2.4.8:
  version "2.4.11"
  resolved "https://registry.npm.taobao.org/sha.js/download/sha.js-2.4.11.tgz#37a5cf0b81ecbc6943de109ba2960d1b26584ae7"
  integrity sha1-N6XPC4HsvGlD3hCbopYNGyZYSuc=
  dependencies:
    inherits "^2.0.1"
    safe-buffer "^5.0.1"

sjcl@1.0.6:
  version "1.0.6"
  resolved "https://registry.npm.taobao.org/sjcl/download/sjcl-1.0.6.tgz#6415462a63cc0d4215c49baec9d3fa0c1b53520f"
  integrity sha1-ZBVGKmPMDUIVxJuuydP6DBtTUg8=

stealthy-require@^1.1.1:
  version "1.1.1"
  resolved "https://registry.npm.taobao.org/stealthy-require/download/stealthy-require-1.1.1.tgz#35b09875b4ff49f26a777e509b3090a3226bf24b"
  integrity sha1-NbCYdbT/SfJqd35QmzCQoyJr8ks=

string-width@^4.1.0, string-width@^4.2.0:
  version "4.2.0"
  resolved "https://registry.npm.taobao.org/string-width/download/string-width-4.2.0.tgz#952182c46cc7b2c313d1596e623992bd163b72b5"
  integrity sha1-lSGCxGzHssMT0VluYjmSvRY7crU=
  dependencies:
    emoji-regex "^8.0.0"
    is-fullwidth-code-point "^3.0.0"
    strip-ansi "^6.0.0"

strip-ansi@^6.0.0:
  version "6.0.0"
  resolved "https://registry.npm.taobao.org/strip-ansi/download/strip-ansi-6.0.0.tgz?cache=0&sync_timestamp=1573280518303&other_urls=https%3A%2F%2Fregistry.npm.taobao.org%2Fstrip-ansi%2Fdownload%2Fstrip-ansi-6.0.0.tgz#0b1571dd7669ccd4f3e06e14ef1eed26225ae532"
  integrity sha1-CxVx3XZpzNTz4G4U7x7tJiJa5TI=
  dependencies:
    ansi-regex "^5.0.0"

strip-hex-prefix@1.0.0:
  version "1.0.0"
  resolved "https://registry.npm.taobao.org/strip-hex-prefix/download/strip-hex-prefix-1.0.0.tgz#0c5f155fef1151373377de9dbb588da05500e36f"
  integrity sha1-DF8VX+8RUTczd96du1iNoFUA428=
  dependencies:
    is-hex-prefixed "1.0.0"

topo@3.x.x:
  version "3.0.3"
  resolved "https://registry.npm.taobao.org/topo/download/topo-3.0.3.tgz#d5a67fb2e69307ebeeb08402ec2a2a6f5f7ad95c"
  integrity sha1-1aZ/suaTB+vusIQC7Coqb1962Vw=
  dependencies:
    hoek "6.x.x"

tough-cookie@^2.3.3:
  version "2.5.0"
  resolved "https://registry.npm.taobao.org/tough-cookie/download/tough-cookie-2.5.0.tgz#cd9fb2a0aa1d5a12b473bd9fb96fa3dcff65ade2"
  integrity sha1-zZ+yoKodWhK0c72fuW+j3P9lreI=
  dependencies:
    psl "^1.1.28"
    punycode "^2.1.1"

type-fest@^0.5.2:
  version "0.5.2"
  resolved "https://registry.npm.taobao.org/type-fest/download/type-fest-0.5.2.tgz#d6ef42a0356c6cd45f49485c3b6281fc148e48a2"
  integrity sha1-1u9CoDVsbNRfSUhcO2KB/BSOSKI=

uuid@3.0.0:
  version "3.0.0"
  resolved "https://registry.npm.taobao.org/uuid/download/uuid-3.0.0.tgz#6728fc0459c450d796a99c31837569bdf672d728"
  integrity sha1-Zyj8BFnEUNeWqZwxg3VpvfZy1yg=

which-module@^2.0.0:
  version "2.0.0"
  resolved "https://registry.npm.taobao.org/which-module/download/which-module-2.0.0.tgz#d9ef07dce77b9902b8a3a8fa4b31c3e3f7e6e87a"
  integrity sha1-2e8H3Od7mQK4o6j6SzHD4/fm6Ho=

wrap-ansi@^6.2.0:
  version "6.2.0"
  resolved "https://registry.npm.taobao.org/wrap-ansi/download/wrap-ansi-6.2.0.tgz#e9393ba07102e6c91a3b221478f0257cd2856e53"
  integrity sha1-6Tk7oHEC5skaOyIUePAlfNKFblM=
  dependencies:
    ansi-styles "^4.0.0"
    string-width "^4.1.0"
    strip-ansi "^6.0.0"

y18n@^4.0.0:
  version "4.0.0"
  resolved "https://registry.npm.taobao.org/y18n/download/y18n-4.0.0.tgz#95ef94f85ecc81d007c264e190a120f0a3c8566b"
  integrity sha1-le+U+F7MgdAHwmThkKEg8KPIVms=

yargs-parser@^18.1.1:
  version "18.1.3"
  resolved "https://registry.npm.taobao.org/yargs-parser/download/yargs-parser-18.1.3.tgz?cache=0&sync_timestamp=1590107599564&other_urls=https%3A%2F%2Fregistry.npm.taobao.org%2Fyargs-parser%2Fdownload%2Fyargs-parser-18.1.3.tgz#be68c4975c6b2abf469236b0c870362fab09a7b0"
  integrity sha1-vmjEl1xrKr9GkjawyHA2L6sJp7A=
  dependencies:
    camelcase "^5.0.0"
    decamelize "^1.2.0"

yargs@^15.3.1:
  version "15.3.1"
  resolved "https://registry.npm.taobao.org/yargs/download/yargs-15.3.1.tgz#9505b472763963e54afe60148ad27a330818e98b"
  integrity sha1-lQW0cnY5Y+VK/mAUitJ6MwgY6Ys=
  dependencies:
    cliui "^6.0.0"
    decamelize "^1.2.0"
    find-up "^4.1.0"
    get-caller-file "^2.0.1"
    require-directory "^2.1.1"
    require-main-filename "^2.0.0"
    set-blocking "^2.0.0"
    string-width "^4.2.0"
    which-module "^2.0.0"
    y18n "^4.0.0"
    yargs-parser "^18.1.1"
