# THIS IS AN AUTOGENERATED FILE. DO NOT EDIT THIS FILE DIRECTLY.
# yarn lockfile v1


ansi-colors@^3.2.1:
  version "3.2.4"
  resolved "https://registry.npm.taobao.org/ansi-colors/download/ansi-colors-3.2.4.tgz#e3a3da4bfbae6c86a9c285625de124a234026fbf"
  integrity sha1-46PaS/uubIapwoViXeEkojQCb78=

crypto-random-string@^3.0.1:
  version "3.0.1"
  resolved "https://registry.npm.taobao.org/crypto-random-string/download/crypto-random-string-3.0.1.tgz#29d7dc759d577a768afb3b7b2765dd9bd7ffe36a"
  integrity sha1-KdfcdZ1XenaK+zt7J2Xdm9f/42o=
  dependencies:
    type-fest "^0.5.2"

enquirer@^2.3.2:
  version "2.3.2"
  resolved "https://registry.npm.taobao.org/enquirer/download/enquirer-2.3.2.tgz#1c30284907cadff5ed2404bd8396036dd3da070e"
  integrity sha1-HDAoSQfK3/XtJAS9g5YDbdPaBw4=
  dependencies:
    ansi-colors "^3.2.1"

ip@^1.1.5:
  version "1.1.5"
  resolved "https://registry.npm.taobao.org/ip/download/ip-1.1.5.tgz#bdded70114290828c0a039e72ef25f5aaec4354a"
  integrity sha1-vd7XARQpCCjAoDnnLvJfWq7ENUo=

is-wsl@^2.1.0:
  version "2.1.1"
  resolved "https://registry.npm.taobao.org/is-wsl/download/is-wsl-2.1.1.tgz#4a1c152d429df3d441669498e2486d3596ebaf1d"
  integrity sha1-ShwVLUKd89RBZpSY4khtNZbrrx0=

open@^7.0.0:
  version "7.0.0"
  resolved "https://registry.npm.taobao.org/open/download/open-7.0.0.tgz#7e52999b14eb73f90f0f0807fe93897c4ae73ec9"
  integrity sha1-flKZmxTrc/kPDwgH/pOJfErnPsk=
  dependencies:
    is-wsl "^2.1.0"

type-fest@^0.5.2:
  version "0.5.2"
  resolved "https://registry.npm.taobao.org/type-fest/download/type-fest-0.5.2.tgz#d6ef42a0356c6cd45f49485c3b6281fc148e48a2"
  integrity sha1-1u9CoDVsbNRfSUhcO2KB/BSOSKI=
